
Microsoft Visual Studio Solution File, Format Version 12.00
# Visual Studio Version 17
VisualStudioVersion = 17.6.33829.357
MinimumVisualStudioVersion = 10.0.40219.1
Project("{FAE04EC0-301F-11D3-BF4B-00C04F79EFBC}") = "Analyzers", "..\Analyzers\Analyzers.csproj", "{4CB95E23-F0F6-4E33-A1FC-C179CB3082BF}"
EndProject
Global
	GlobalSection(SolutionConfigurationPlatforms) = preSolution
		Debug|Any CPU = Debug|Any CPU
		Release|Any CPU = Release|Any CPU
	EndGlobalSection
	GlobalSection(ProjectConfigurationPlatforms) = postSolution
		{4CB95E23-F0F6-4E33-A1FC-C179CB3082BF}.Debug|Any CPU.ActiveCfg = Debug|Any CPU
		{4CB95E23-F0F6-4E33-A1FC-C179CB3082BF}.Debug|Any CPU.Build.0 = Debug|Any CPU
		{4CB95E23-F0F6-4E33-A1FC-C179CB3082BF}.Release|Any CPU.ActiveCfg = Release|Any CPU
		{4CB95E23-F0F6-4E33-A1FC-C179CB3082BF}.Release|Any CPU.Build.0 = Release|Any CPU
	EndGlobalSection
	GlobalSection(SolutionProperties) = preSolution
		HideSolutionNode = FALSE
	EndGlobalSection
	GlobalSection(ExtensibilityGlobals) = postSolution
		SolutionGuid = {42962290-D4A4-4AC9-B57D-751D45EAB872}
	EndGlobalSection
EndGlobal
